<?xml version="1.0" encoding="utf-8"?>
<Project ToolsVersion="4.0" xmlns="http://schemas.microsoft.com/developer/msbuild/2003">
  <ItemGroup>
    <Filter Include="Archivos de origen">
      <UniqueIdentifier>{4FC737F1-C7A5-4376-A066-2A32D752A2FF}</UniqueIdentifier>
      <Extensions>cpp;c;cc;cxx;c++;cppm;ixx;def;odl;idl;hpj;bat;asm;asmx</Extensions>
    </Filter>
    <Filter Include="Archivos de encabezado">
      <UniqueIdentifier>{93995380-89BD-4b04-88EB-625FBE52EBFB}</UniqueIdentifier>
      <Extensions>h;hh;hpp;hxx;h++;hm;inl;inc;ipp;xsd</Extensions>
    </Filter>
    <Filter Include="Archivos de recursos">
      <UniqueIdentifier>{67DA6AB6-F800-4c08-8B7A-83BB121AAD01}</UniqueIdentifier>
      <Extensions>rc;ico;cur;bmp;dlg;rc2;rct;bin;rgs;gif;jpg;jpeg;jpe;resx;tiff;tif;png;wav;mfcribbon-ms</Extensions>
    </Filter>
  </ItemGroup>
  <ItemGroup>
    <ClCompile Include="src\main.c">
      <Filter>Archivos de origen</Filter>
    </ClCompile>
    <ClCompile Include="libraries\vendor\vc_vector\vc_vector.c">
      <Filter>Archivos de origen</Filter>
    </ClCompile>
    <ClCompile Include="libraries\vendor\vc_vector\vc_vector_tests.c">
      <Filter>Archivos de origen</Filter>
    </ClCompile>
    <ClCompile Include="libraries\ActivationFunction.h">
      <Filter>Archivos de origen</Filter>
    </ClCompile>
    <ClCompile Include="src\functions\ActivationFunction.c">
      <Filter>Archivos de origen</Filter>
    </ClCompile>
    <ClCompile Include="src\functions\Sigmoid.c">
      <Filter>Archivos de origen</Filter>
    </ClCompile>
    <ClCompile Include="src\functions\Linear.c">
      <Filter>Archivos de origen</Filter>
    </ClCompile>
    <ClCompile Include="src\functions\Tanh.c">
      <Filter>Archivos de origen</Filter>
    </ClCompile>
    <ClCompile Include="src\functions\Hardlim.c">
      <Filter>Archivos de origen</Filter>
    </ClCompile>
    <ClCompile Include="src\functions\Hardlims.c">
      <Filter>Archivos de origen</Filter>
    </ClCompile>
    <ClCompile Include="libraries\error_management.c">
      <Filter>Archivos de origen</Filter>
    </ClCompile>
    <ClCompile Include="src\neurons\NeuronsLayer.c">
      <Filter>Archivos de origen</Filter>
    </ClCompile>
  </ItemGroup>
  <ItemGroup>
    <ClInclude Include="libraries\vendor\vc_vector\vc_vector.h">
      <Filter>Archivos de encabezado</Filter>
    </ClInclude>
    <ClInclude Include="libraries\vendor\vc_vector\vc_vector_tests.h">
      <Filter>Archivos de encabezado</Filter>
    </ClInclude>
    <ClInclude Include="libraries\generic_management.h">
      <Filter>Archivos de encabezado</Filter>
    </ClInclude>
    <ClInclude Include="libraries\Vertex.h">
      <Filter>Archivos de encabezado</Filter>
    </ClInclude>
    <ClInclude Include="libraries\NeuronsLayer.h">
      <Filter>Archivos de encabezado</Filter>
    </ClInclude>
    <ClInclude Include="libraries\InputLayer.h">
      <Filter>Archivos de encabezado</Filter>
    </ClInclude>
    <ClInclude Include="libraries\HiddenLayer.h">
      <Filter>Archivos de encabezado</Filter>
    </ClInclude>
    <ClInclude Include="libraries\Sigmoid.h">
      <Filter>Archivos de encabezado</Filter>
    </ClInclude>
    <ClInclude Include="libraries\Linear.h">
      <Filter>Archivos de encabezado</Filter>
    </ClInclude>
    <ClInclude Include="libraries\Tanh.h">
      <Filter>Archivos de encabezado</Filter>
    </ClInclude>
    <ClInclude Include="libraries\Hardlim.h">
      <Filter>Archivos de encabezado</Filter>
    </ClInclude>
    <ClInclude Include="libraries\Hardlims.h">
      <Filter>Archivos de encabezado</Filter>
    </ClInclude>
    <ClInclude Include="libraries\error_management.h">
      <Filter>Archivos de encabezado</Filter>
    </ClInclude>
  </ItemGroup>
</Project>