<?xml version="1.0" encoding="utf-8"?>
<Project ToolsVersion="4.0" xmlns="http://schemas.microsoft.com/developer/msbuild/2003">
  <ItemGroup>
    <Filter Include="Archivos de origen">
      <UniqueIdentifier>{4FC737F1-C7A5-4376-A066-2A32D752A2FF}</UniqueIdentifier>
      <Extensions>cpp;c;cc;cxx;c++;cppm;ixx;def;odl;idl;hpj;bat;asm;asmx</Extensions>
    </Filter>
    <Filter Include="Archivos de encabezado">
      <UniqueIdentifier>{93995380-89BD-4b04-88EB-625FBE52EBFB}</UniqueIdentifier>
      <Extensions>h;hh;hpp;hxx;h++;hm;inl;inc;ipp;xsd</Extensions>
    </Filter>
    <Filter Include="Archivos de recursos">
      <UniqueIdentifier>{67DA6AB6-F800-4c08-8B7A-83BB121AAD01}</UniqueIdentifier>
      <Extensions>rc;ico;cur;bmp;dlg;rc2;rct;bin;rgs;gif;jpg;jpeg;jpe;resx;tiff;tif;png;wav;mfcribbon-ms</Extensions>
    </Filter>
  </ItemGroup>
  <ItemGroup>
    <ClCompile Include="src\main.c">
      <Filter>Archivos de origen</Filter>
    </ClCompile>
    <ClCompile Include="libraries\ActivationFunction.h">
      <Filter>Archivos de origen</Filter>
    </ClCompile>
    <ClCompile Include="src\functions\ActivationFunction.c">
      <Filter>Archivos de origen</Filter>
    </ClCompile>
    <ClCompile Include="src\functions\Sigmoid.c">
      <Filter>Archivos de origen</Filter>
    </ClCompile>
    <ClCompile Include="src\functions\Linear.c">
      <Filter>Archivos de origen</Filter>
    </ClCompile>
    <ClCompile Include="src\functions\Tanh.c">
      <Filter>Archivos de origen</Filter>
    </ClCompile>
    <ClCompile Include="src\functions\Hardlim.c">
      <Filter>Archivos de origen</Filter>
    </ClCompile>
    <ClCompile Include="src\functions\Hardlims.c">
      <Filter>Archivos de origen</Filter>
    </ClCompile>
    <ClCompile Include="libraries\error_management.c">
      <Filter>Archivos de origen</Filter>
    </ClCompile>
    <ClCompile Include="src\algorithm\Backpropagation.c">
      <Filter>Archivos de origen</Filter>
    </ClCompile>
    <ClCompile Include="src\data_structures\Matrix.c">
      <Filter>Archivos de origen</Filter>
    </ClCompile>
    <ClCompile Include="src\numbers\Random.c">
      <Filter>Archivos de origen</Filter>
    </ClCompile>
    <ClCompile Include="src\utilities\time_measurement.c">
      <Filter>Archivos de origen</Filter>
    </ClCompile>
    <ClCompile Include="src\data_structures\Vector.c">
      <Filter>Archivos de origen</Filter>
    </ClCompile>
    <ClCompile Include="src\files\data_management.c">
      <Filter>Archivos de origen</Filter>
    </ClCompile>
    <ClCompile Include="src\neurons\NeuralNetwork.c">
      <Filter>Archivos de origen</Filter>
    </ClCompile>
    <ClCompile Include="src\neurons\Layer.c">
      <Filter>Archivos de origen</Filter>
    </ClCompile>
    <ClCompile Include="src\data_structures\VectorPointers.c">
      <Filter>Archivos de origen</Filter>
    </ClCompile>
    <ClCompile Include="src\data_structures\StringVec.c">
      <Filter>Archivos de origen</Filter>
    </ClCompile>
    <ClCompile Include="src\data_structures\Image.c">
      <Filter>Archivos de origen</Filter>
    </ClCompile>
    <ClCompile Include="src\data_structures\Vector_stress_tests.c">
      <Filter>Archivos de origen</Filter>
    </ClCompile>
    <ClCompile Include="src\GUI\GUI.c">
      <Filter>Archivos de origen</Filter>
    </ClCompile>
  </ItemGroup>
  <ItemGroup>
    <ClInclude Include="libraries\generic_management.h">
      <Filter>Archivos de encabezado</Filter>
    </ClInclude>
    <ClInclude Include="libraries\Layer.h">
      <Filter>Archivos de encabezado</Filter>
    </ClInclude>
    <ClInclude Include="libraries\InputLayer.h">
      <Filter>Archivos de encabezado</Filter>
    </ClInclude>
    <ClInclude Include="libraries\HiddenLayer.h">
      <Filter>Archivos de encabezado</Filter>
    </ClInclude>
    <ClInclude Include="libraries\Sigmoid.h">
      <Filter>Archivos de encabezado</Filter>
    </ClInclude>
    <ClInclude Include="libraries\Linear.h">
      <Filter>Archivos de encabezado</Filter>
    </ClInclude>
    <ClInclude Include="libraries\Tanh.h">
      <Filter>Archivos de encabezado</Filter>
    </ClInclude>
    <ClInclude Include="libraries\Hardlim.h">
      <Filter>Archivos de encabezado</Filter>
    </ClInclude>
    <ClInclude Include="libraries\Hardlims.h">
      <Filter>Archivos de encabezado</Filter>
    </ClInclude>
    <ClInclude Include="libraries\error_management.h">
      <Filter>Archivos de encabezado</Filter>
    </ClInclude>
    <ClInclude Include="libraries\Backpropagation.h">
      <Filter>Archivos de encabezado</Filter>
    </ClInclude>
    <ClInclude Include="libraries\Matrix.h">
      <Filter>Archivos de encabezado</Filter>
    </ClInclude>
    <ClInclude Include="libraries\Random.h">
      <Filter>Archivos de encabezado</Filter>
    </ClInclude>
    <ClInclude Include="libraries\time_measurement.h">
      <Filter>Archivos de encabezado</Filter>
    </ClInclude>
    <ClInclude Include="libraries\Vector.h">
      <Filter>Archivos de encabezado</Filter>
    </ClInclude>
    <ClInclude Include="libraries\data_management.h">
      <Filter>Archivos de encabezado</Filter>
    </ClInclude>
    <ClInclude Include="libraries\NeuralNetwork.h">
      <Filter>Archivos de encabezado</Filter>
    </ClInclude>
    <ClInclude Include="libraries\VectorPointers.h">
      <Filter>Archivos de encabezado</Filter>
    </ClInclude>
    <ClInclude Include="libraries\StringVec.h">
      <Filter>Archivos de encabezado</Filter>
    </ClInclude>
    <ClInclude Include="libraries\NN_XOR.h">
      <Filter>Archivos de encabezado</Filter>
    </ClInclude>
    <ClInclude Include="libraries\DetectMemoryLeaks.h">
      <Filter>Archivos de encabezado</Filter>
    </ClInclude>
    <ClInclude Include="vendor\pthreads\include\pthread.h">
      <Filter>Archivos de encabezado</Filter>
    </ClInclude>
    <ClInclude Include="vendor\pthreads\include\sched.h">
      <Filter>Archivos de encabezado</Filter>
    </ClInclude>
    <ClInclude Include="vendor\pthreads\include\semaphore.h">
      <Filter>Archivos de encabezado</Filter>
    </ClInclude>
    <ClInclude Include="vendor\SDL\include\begin_code.h">
      <Filter>Archivos de encabezado</Filter>
    </ClInclude>
    <ClInclude Include="vendor\SDL\include\close_code.h">
      <Filter>Archivos de encabezado</Filter>
    </ClInclude>
    <ClInclude Include="vendor\SDL\include\SDL.h">
      <Filter>Archivos de encabezado</Filter>
    </ClInclude>
    <ClInclude Include="vendor\SDL\include\SDL_assert.h">
      <Filter>Archivos de encabezado</Filter>
    </ClInclude>
    <ClInclude Include="vendor\SDL\include\SDL_atomic.h">
      <Filter>Archivos de encabezado</Filter>
    </ClInclude>
    <ClInclude Include="vendor\SDL\include\SDL_audio.h">
      <Filter>Archivos de encabezado</Filter>
    </ClInclude>
    <ClInclude Include="vendor\SDL\include\SDL_bits.h">
      <Filter>Archivos de encabezado</Filter>
    </ClInclude>
    <ClInclude Include="vendor\SDL\include\SDL_blendmode.h">
      <Filter>Archivos de encabezado</Filter>
    </ClInclude>
    <ClInclude Include="vendor\SDL\include\SDL_clipboard.h">
      <Filter>Archivos de encabezado</Filter>
    </ClInclude>
    <ClInclude Include="vendor\SDL\include\SDL_config.h">
      <Filter>Archivos de encabezado</Filter>
    </ClInclude>
    <ClInclude Include="vendor\SDL\include\SDL_cpuinfo.h">
      <Filter>Archivos de encabezado</Filter>
    </ClInclude>
    <ClInclude Include="vendor\SDL\include\SDL_egl.h">
      <Filter>Archivos de encabezado</Filter>
    </ClInclude>
    <ClInclude Include="vendor\SDL\include\SDL_endian.h">
      <Filter>Archivos de encabezado</Filter>
    </ClInclude>
    <ClInclude Include="vendor\SDL\include\SDL_error.h">
      <Filter>Archivos de encabezado</Filter>
    </ClInclude>
    <ClInclude Include="vendor\SDL\include\SDL_events.h">
      <Filter>Archivos de encabezado</Filter>
    </ClInclude>
    <ClInclude Include="vendor\SDL\include\SDL_filesystem.h">
      <Filter>Archivos de encabezado</Filter>
    </ClInclude>
    <ClInclude Include="vendor\SDL\include\SDL_gamecontroller.h">
      <Filter>Archivos de encabezado</Filter>
    </ClInclude>
    <ClInclude Include="vendor\SDL\include\SDL_gesture.h">
      <Filter>Archivos de encabezado</Filter>
    </ClInclude>
    <ClInclude Include="vendor\SDL\include\SDL_guid.h">
      <Filter>Archivos de encabezado</Filter>
    </ClInclude>
    <ClInclude Include="vendor\SDL\include\SDL_haptic.h">
      <Filter>Archivos de encabezado</Filter>
    </ClInclude>
    <ClInclude Include="vendor\SDL\include\SDL_hidapi.h">
      <Filter>Archivos de encabezado</Filter>
    </ClInclude>
    <ClInclude Include="vendor\SDL\include\SDL_hints.h">
      <Filter>Archivos de encabezado</Filter>
    </ClInclude>
    <ClInclude Include="vendor\SDL\include\SDL_joystick.h">
      <Filter>Archivos de encabezado</Filter>
    </ClInclude>
    <ClInclude Include="vendor\SDL\include\SDL_keyboard.h">
      <Filter>Archivos de encabezado</Filter>
    </ClInclude>
    <ClInclude Include="vendor\SDL\include\SDL_keycode.h">
      <Filter>Archivos de encabezado</Filter>
    </ClInclude>
    <ClInclude Include="vendor\SDL\include\SDL_loadso.h">
      <Filter>Archivos de encabezado</Filter>
    </ClInclude>
    <ClInclude Include="vendor\SDL\include\SDL_locale.h">
      <Filter>Archivos de encabezado</Filter>
    </ClInclude>
    <ClInclude Include="vendor\SDL\include\SDL_log.h">
      <Filter>Archivos de encabezado</Filter>
    </ClInclude>
    <ClInclude Include="vendor\SDL\include\SDL_messagebox.h">
      <Filter>Archivos de encabezado</Filter>
    </ClInclude>
    <ClInclude Include="vendor\SDL\include\SDL_metal.h">
      <Filter>Archivos de encabezado</Filter>
    </ClInclude>
    <ClInclude Include="vendor\SDL\include\SDL_misc.h">
      <Filter>Archivos de encabezado</Filter>
    </ClInclude>
    <ClInclude Include="vendor\SDL\include\SDL_mouse.h">
      <Filter>Archivos de encabezado</Filter>
    </ClInclude>
    <ClInclude Include="vendor\SDL\include\SDL_mutex.h">
      <Filter>Archivos de encabezado</Filter>
    </ClInclude>
    <ClInclude Include="vendor\SDL\include\SDL_name.h">
      <Filter>Archivos de encabezado</Filter>
    </ClInclude>
    <ClInclude Include="vendor\SDL\include\SDL_opengl.h">
      <Filter>Archivos de encabezado</Filter>
    </ClInclude>
    <ClInclude Include="vendor\SDL\include\SDL_opengl_glext.h">
      <Filter>Archivos de encabezado</Filter>
    </ClInclude>
    <ClInclude Include="vendor\SDL\include\SDL_opengles.h">
      <Filter>Archivos de encabezado</Filter>
    </ClInclude>
    <ClInclude Include="vendor\SDL\include\SDL_opengles2.h">
      <Filter>Archivos de encabezado</Filter>
    </ClInclude>
    <ClInclude Include="vendor\SDL\include\SDL_opengles2_gl2.h">
      <Filter>Archivos de encabezado</Filter>
    </ClInclude>
    <ClInclude Include="vendor\SDL\include\SDL_opengles2_gl2ext.h">
      <Filter>Archivos de encabezado</Filter>
    </ClInclude>
    <ClInclude Include="vendor\SDL\include\SDL_opengles2_gl2platform.h">
      <Filter>Archivos de encabezado</Filter>
    </ClInclude>
    <ClInclude Include="vendor\SDL\include\SDL_opengles2_khrplatform.h">
      <Filter>Archivos de encabezado</Filter>
    </ClInclude>
    <ClInclude Include="vendor\SDL\include\SDL_pixels.h">
      <Filter>Archivos de encabezado</Filter>
    </ClInclude>
    <ClInclude Include="vendor\SDL\include\SDL_platform.h">
      <Filter>Archivos de encabezado</Filter>
    </ClInclude>
    <ClInclude Include="vendor\SDL\include\SDL_power.h">
      <Filter>Archivos de encabezado</Filter>
    </ClInclude>
    <ClInclude Include="vendor\SDL\include\SDL_quit.h">
      <Filter>Archivos de encabezado</Filter>
    </ClInclude>
    <ClInclude Include="vendor\SDL\include\SDL_rect.h">
      <Filter>Archivos de encabezado</Filter>
    </ClInclude>
    <ClInclude Include="vendor\SDL\include\SDL_render.h">
      <Filter>Archivos de encabezado</Filter>
    </ClInclude>
    <ClInclude Include="vendor\SDL\include\SDL_revision.h">
      <Filter>Archivos de encabezado</Filter>
    </ClInclude>
    <ClInclude Include="vendor\SDL\include\SDL_rwops.h">
      <Filter>Archivos de encabezado</Filter>
    </ClInclude>
    <ClInclude Include="vendor\SDL\include\SDL_scancode.h">
      <Filter>Archivos de encabezado</Filter>
    </ClInclude>
    <ClInclude Include="vendor\SDL\include\SDL_sensor.h">
      <Filter>Archivos de encabezado</Filter>
    </ClInclude>
    <ClInclude Include="vendor\SDL\include\SDL_shape.h">
      <Filter>Archivos de encabezado</Filter>
    </ClInclude>
    <ClInclude Include="vendor\SDL\include\SDL_stdinc.h">
      <Filter>Archivos de encabezado</Filter>
    </ClInclude>
    <ClInclude Include="vendor\SDL\include\SDL_surface.h">
      <Filter>Archivos de encabezado</Filter>
    </ClInclude>
    <ClInclude Include="vendor\SDL\include\SDL_system.h">
      <Filter>Archivos de encabezado</Filter>
    </ClInclude>
    <ClInclude Include="vendor\SDL\include\SDL_syswm.h">
      <Filter>Archivos de encabezado</Filter>
    </ClInclude>
    <ClInclude Include="vendor\SDL\include\SDL_test.h">
      <Filter>Archivos de encabezado</Filter>
    </ClInclude>
    <ClInclude Include="vendor\SDL\include\SDL_test_assert.h">
      <Filter>Archivos de encabezado</Filter>
    </ClInclude>
    <ClInclude Include="vendor\SDL\include\SDL_test_common.h">
      <Filter>Archivos de encabezado</Filter>
    </ClInclude>
    <ClInclude Include="vendor\SDL\include\SDL_test_compare.h">
      <Filter>Archivos de encabezado</Filter>
    </ClInclude>
    <ClInclude Include="vendor\SDL\include\SDL_test_crc32.h">
      <Filter>Archivos de encabezado</Filter>
    </ClInclude>
    <ClInclude Include="vendor\SDL\include\SDL_test_font.h">
      <Filter>Archivos de encabezado</Filter>
    </ClInclude>
    <ClInclude Include="vendor\SDL\include\SDL_test_fuzzer.h">
      <Filter>Archivos de encabezado</Filter>
    </ClInclude>
    <ClInclude Include="vendor\SDL\include\SDL_test_harness.h">
      <Filter>Archivos de encabezado</Filter>
    </ClInclude>
    <ClInclude Include="vendor\SDL\include\SDL_test_images.h">
      <Filter>Archivos de encabezado</Filter>
    </ClInclude>
    <ClInclude Include="vendor\SDL\include\SDL_test_log.h">
      <Filter>Archivos de encabezado</Filter>
    </ClInclude>
    <ClInclude Include="vendor\SDL\include\SDL_test_md5.h">
      <Filter>Archivos de encabezado</Filter>
    </ClInclude>
    <ClInclude Include="vendor\SDL\include\SDL_test_memory.h">
      <Filter>Archivos de encabezado</Filter>
    </ClInclude>
    <ClInclude Include="vendor\SDL\include\SDL_test_random.h">
      <Filter>Archivos de encabezado</Filter>
    </ClInclude>
    <ClInclude Include="vendor\SDL\include\SDL_thread.h">
      <Filter>Archivos de encabezado</Filter>
    </ClInclude>
    <ClInclude Include="vendor\SDL\include\SDL_timer.h">
      <Filter>Archivos de encabezado</Filter>
    </ClInclude>
    <ClInclude Include="vendor\SDL\include\SDL_touch.h">
      <Filter>Archivos de encabezado</Filter>
    </ClInclude>
    <ClInclude Include="vendor\SDL\include\SDL_types.h">
      <Filter>Archivos de encabezado</Filter>
    </ClInclude>
    <ClInclude Include="vendor\SDL\include\SDL_version.h">
      <Filter>Archivos de encabezado</Filter>
    </ClInclude>
    <ClInclude Include="vendor\SDL\include\SDL_video.h">
      <Filter>Archivos de encabezado</Filter>
    </ClInclude>
    <ClInclude Include="vendor\SDL\include\SDL_vulkan.h">
      <Filter>Archivos de encabezado</Filter>
    </ClInclude>
    <ClInclude Include="vendor\SDL\include\SDL_main.h">
      <Filter>Archivos de encabezado</Filter>
    </ClInclude>
    <ClInclude Include="vendor\SDL\include\SDL_image.h">
      <Filter>Archivos de encabezado</Filter>
    </ClInclude>
    <ClInclude Include="libraries\Image.h">
      <Filter>Archivos de encabezado</Filter>
    </ClInclude>
    <ClInclude Include="libraries\Vector_stress_tests.h">
      <Filter>Archivos de encabezado</Filter>
    </ClInclude>
    <ClInclude Include="libraries\GUI.h">
      <Filter>Archivos de encabezado</Filter>
    </ClInclude>
    <ClInclude Include="libraries\SharedVariables.h">
      <Filter>Archivos de encabezado</Filter>
    </ClInclude>
    <ClInclude Include="libraries\ThreadsManagement.h">
      <Filter>Archivos de encabezado</Filter>
    </ClInclude>
  </ItemGroup>
  <ItemGroup>
    <Library Include="vendor\pthreads\lib\pthreadVC2.lib" />
  </ItemGroup>
</Project>